
Microsoft Visual Studio Solution File, Format Version 12.00
# Visual Studio 15
Project("{FAE04EC0-301F-11D3-BF4B-00C04F79EFBC}") = "Assembly-CSharp", "Assembly-CSharp.csproj", "{2A4C3B7F-22F6-7DE1-0160-9685F57BD0D3}"
EndProject
Project("{FAE04EC0-301F-11D3-BF4B-00C04F79EFBC}") = "Assembly-CSharp-Editor", "Assembly-CSharp-Editor.csproj", "{ADD20223-399B-0537-F188-13E0B2473C43}"
EndProject
Global
	GlobalSection(SolutionConfigurationPlatforms) = preSolution
		Debug|Any CPU = Debug|Any CPU
		Release|Any CPU = Release|Any CPU
	EndGlobalSection
	GlobalSection(ProjectConfigurationPlatforms) = postSolution
		{2A4C3B7F-22F6-7DE1-0160-9685F57BD0D3}.Debug|Any CPU.ActiveCfg = Debug|Any CPU
		{2A4C3B7F-22F6-7DE1-0160-9685F57BD0D3}.Debug|Any CPU.Build.0 = Debug|Any CPU
		{2A4C3B7F-22F6-7DE1-0160-9685F57BD0D3}.Release|Any CPU.ActiveCfg = Release|Any CPU
		{2A4C3B7F-22F6-7DE1-0160-9685F57BD0D3}.Release|Any CPU.Build.0 = Release|Any CPU
		{ADD20223-399B-0537-F188-13E0B2473C43}.Debug|Any CPU.ActiveCfg = Debug|Any CPU
		{ADD20223-399B-0537-F188-13E0B2473C43}.Debug|Any CPU.Build.0 = Debug|Any CPU
		{ADD20223-399B-0537-F188-13E0B2473C43}.Release|Any CPU.ActiveCfg = Release|Any CPU
		{ADD20223-399B-0537-F188-13E0B2473C43}.Release|Any CPU.Build.0 = Release|Any CPU
	EndGlobalSection
	GlobalSection(SolutionProperties) = preSolution
		HideSolutionNode = FALSE
	EndGlobalSection
EndGlobal
