
Microsoft Visual Studio Solution File, Format Version 12.00
# Visual Studio 15
Project("{FAE04EC0-301F-11D3-BF4B-00C04F79EFBC}") = "Assembly-CSharp", "Assembly-CSharp.csproj", "{48F15670-8951-1E53-6BFE-8690A1551033}"
EndProject
Project("{FAE04EC0-301F-11D3-BF4B-00C04F79EFBC}") = "Assembly-CSharp-Editor", "Assembly-CSharp-Editor.csproj", "{1CAEC497-522B-8334-8966-5BB87D7D676B}"
EndProject
Global
	GlobalSection(SolutionConfigurationPlatforms) = preSolution
		Debug|Any CPU = Debug|Any CPU
		Release|Any CPU = Release|Any CPU
	EndGlobalSection
	GlobalSection(ProjectConfigurationPlatforms) = postSolution
		{48F15670-8951-1E53-6BFE-8690A1551033}.Debug|Any CPU.ActiveCfg = Debug|Any CPU
		{48F15670-8951-1E53-6BFE-8690A1551033}.Debug|Any CPU.Build.0 = Debug|Any CPU
		{48F15670-8951-1E53-6BFE-8690A1551033}.Release|Any CPU.ActiveCfg = Release|Any CPU
		{48F15670-8951-1E53-6BFE-8690A1551033}.Release|Any CPU.Build.0 = Release|Any CPU
		{1CAEC497-522B-8334-8966-5BB87D7D676B}.Debug|Any CPU.ActiveCfg = Debug|Any CPU
		{1CAEC497-522B-8334-8966-5BB87D7D676B}.Debug|Any CPU.Build.0 = Debug|Any CPU
		{1CAEC497-522B-8334-8966-5BB87D7D676B}.Release|Any CPU.ActiveCfg = Release|Any CPU
		{1CAEC497-522B-8334-8966-5BB87D7D676B}.Release|Any CPU.Build.0 = Release|Any CPU
	EndGlobalSection
	GlobalSection(SolutionProperties) = preSolution
		HideSolutionNode = FALSE
	EndGlobalSection
EndGlobal
